
Microsoft Visual Studio Solution File, Format Version 12.00
# Visual Studio 15
VisualStudioVersion = 15.0.27130.2027
MinimumVisualStudioVersion = 10.0.40219.1
Project("{FAE04EC0-301F-11D3-BF4B-00C04F79EFBC}") = "BanBrick.API", "BanBrick.API\BanBrick.API.csproj", "{A82BE2B4-A75D-47B4-A9EA-955D2DBD49DC}"
EndProject
Project("{E53339B2-1760-4266-BCC7-CA923CBCF16C}") = "docker-compose", "docker-compose.dcproj", "{E6266B18-965C-4CC6-B8D3-E549FA53DE00}"
EndProject
Global
	GlobalSection(SolutionConfigurationPlatforms) = preSolution
		Debug|Any CPU = Debug|Any CPU
		Release|Any CPU = Release|Any CPU
	EndGlobalSection
	GlobalSection(ProjectConfigurationPlatforms) = postSolution
		{A82BE2B4-A75D-47B4-A9EA-955D2DBD49DC}.Debug|Any CPU.ActiveCfg = Debug|Any CPU
		{A82BE2B4-A75D-47B4-A9EA-955D2DBD49DC}.Debug|Any CPU.Build.0 = Debug|Any CPU
		{A82BE2B4-A75D-47B4-A9EA-955D2DBD49DC}.Release|Any CPU.ActiveCfg = Release|Any CPU
		{A82BE2B4-A75D-47B4-A9EA-955D2DBD49DC}.Release|Any CPU.Build.0 = Release|Any CPU
		{E6266B18-965C-4CC6-B8D3-E549FA53DE00}.Debug|Any CPU.ActiveCfg = Debug|Any CPU
		{E6266B18-965C-4CC6-B8D3-E549FA53DE00}.Debug|Any CPU.Build.0 = Debug|Any CPU
		{E6266B18-965C-4CC6-B8D3-E549FA53DE00}.Release|Any CPU.ActiveCfg = Release|Any CPU
		{E6266B18-965C-4CC6-B8D3-E549FA53DE00}.Release|Any CPU.Build.0 = Release|Any CPU
	EndGlobalSection
	GlobalSection(SolutionProperties) = preSolution
		HideSolutionNode = FALSE
	EndGlobalSection
	GlobalSection(ExtensibilityGlobals) = postSolution
		SolutionGuid = {C4F689CC-D88A-4BD7-99DE-EE754899537B}
	EndGlobalSection
EndGlobal
