
Microsoft Visual Studio Solution File, Format Version 12.00
# Visual Studio 15
VisualStudioVersion = 15.0.27130.2027
MinimumVisualStudioVersion = 10.0.40219.1
Project("{E53339B2-1760-4266-BCC7-CA923CBCF16C}") = "docker-compose", "docker-compose.dcproj", "{E6266B18-965C-4CC6-B8D3-E549FA53DE00}"
EndProject
Project("{9A19103F-16F7-4668-BE54-9A1E7A4F7556}") = "BanBrick.Domain.Models", "src\BanBrick.Domain.Models\BanBrick.Domain.Models.csproj", "{CC6EB3D8-8C0E-42EF-AF54-8814D45F6278}"
EndProject
Project("{9A19103F-16F7-4668-BE54-9A1E7A4F7556}") = "BanBrick.Infrastructure.Repositories", "src\BanBrick.Infrastructure.Repositories\BanBrick.Infrastructure.Repositories.csproj", "{2E449D4F-47DA-47A9-B90E-2544ED48C504}"
EndProject
Project("{9A19103F-16F7-4668-BE54-9A1E7A4F7556}") = "BanBrick.Domain.Interfaces", "src\BanBrick.Domain.Interfaces\BanBrick.Domain.Interfaces.csproj", "{AEDA9BD5-64FD-437E-8B5B-9B12C37CC639}"
EndProject
Project("{9A19103F-16F7-4668-BE54-9A1E7A4F7556}") = "BanBrick.Domain.Services", "src\BanBrick.Domain.Services\BanBrick.Domain.Services.csproj", "{9027506E-6987-4565-AF51-5382895E0EFC}"
EndProject
Project("{9A19103F-16F7-4668-BE54-9A1E7A4F7556}") = "BanBrick.Presentation.Web", "src\BanBrick.Presentation.Web\BanBrick.Presentation.Web.csproj", "{C728F18F-2068-493B-BAC7-D43D669CD9D8}"
EndProject
Project("{FAE04EC0-301F-11D3-BF4B-00C04F79EFBC}") = "BanBrick.Infrastructure.Geometry", "src\BanBrick.Infrastructure.Geometry\BanBrick.Infrastructure.Geometry.csproj", "{CCB36A7E-FE4E-4E31-A12D-06D4761D98EB}"
EndProject
Global
	GlobalSection(SolutionConfigurationPlatforms) = preSolution
		Debug|Any CPU = Debug|Any CPU
		Release|Any CPU = Release|Any CPU
	EndGlobalSection
	GlobalSection(ProjectConfigurationPlatforms) = postSolution
		{E6266B18-965C-4CC6-B8D3-E549FA53DE00}.Debug|Any CPU.ActiveCfg = Debug|Any CPU
		{E6266B18-965C-4CC6-B8D3-E549FA53DE00}.Debug|Any CPU.Build.0 = Debug|Any CPU
		{E6266B18-965C-4CC6-B8D3-E549FA53DE00}.Release|Any CPU.ActiveCfg = Release|Any CPU
		{E6266B18-965C-4CC6-B8D3-E549FA53DE00}.Release|Any CPU.Build.0 = Release|Any CPU
		{CC6EB3D8-8C0E-42EF-AF54-8814D45F6278}.Debug|Any CPU.ActiveCfg = Debug|Any CPU
		{CC6EB3D8-8C0E-42EF-AF54-8814D45F6278}.Debug|Any CPU.Build.0 = Debug|Any CPU
		{CC6EB3D8-8C0E-42EF-AF54-8814D45F6278}.Release|Any CPU.ActiveCfg = Release|Any CPU
		{CC6EB3D8-8C0E-42EF-AF54-8814D45F6278}.Release|Any CPU.Build.0 = Release|Any CPU
		{2E449D4F-47DA-47A9-B90E-2544ED48C504}.Debug|Any CPU.ActiveCfg = Debug|Any CPU
		{2E449D4F-47DA-47A9-B90E-2544ED48C504}.Debug|Any CPU.Build.0 = Debug|Any CPU
		{2E449D4F-47DA-47A9-B90E-2544ED48C504}.Release|Any CPU.ActiveCfg = Release|Any CPU
		{2E449D4F-47DA-47A9-B90E-2544ED48C504}.Release|Any CPU.Build.0 = Release|Any CPU
		{AEDA9BD5-64FD-437E-8B5B-9B12C37CC639}.Debug|Any CPU.ActiveCfg = Debug|Any CPU
		{AEDA9BD5-64FD-437E-8B5B-9B12C37CC639}.Debug|Any CPU.Build.0 = Debug|Any CPU
		{AEDA9BD5-64FD-437E-8B5B-9B12C37CC639}.Release|Any CPU.ActiveCfg = Release|Any CPU
		{AEDA9BD5-64FD-437E-8B5B-9B12C37CC639}.Release|Any CPU.Build.0 = Release|Any CPU
		{9027506E-6987-4565-AF51-5382895E0EFC}.Debug|Any CPU.ActiveCfg = Debug|Any CPU
		{9027506E-6987-4565-AF51-5382895E0EFC}.Debug|Any CPU.Build.0 = Debug|Any CPU
		{9027506E-6987-4565-AF51-5382895E0EFC}.Release|Any CPU.ActiveCfg = Release|Any CPU
		{9027506E-6987-4565-AF51-5382895E0EFC}.Release|Any CPU.Build.0 = Release|Any CPU
		{C728F18F-2068-493B-BAC7-D43D669CD9D8}.Debug|Any CPU.ActiveCfg = Debug|Any CPU
		{C728F18F-2068-493B-BAC7-D43D669CD9D8}.Debug|Any CPU.Build.0 = Debug|Any CPU
		{C728F18F-2068-493B-BAC7-D43D669CD9D8}.Release|Any CPU.ActiveCfg = Release|Any CPU
		{C728F18F-2068-493B-BAC7-D43D669CD9D8}.Release|Any CPU.Build.0 = Release|Any CPU
		{CCB36A7E-FE4E-4E31-A12D-06D4761D98EB}.Debug|Any CPU.ActiveCfg = Debug|Any CPU
		{CCB36A7E-FE4E-4E31-A12D-06D4761D98EB}.Debug|Any CPU.Build.0 = Debug|Any CPU
		{CCB36A7E-FE4E-4E31-A12D-06D4761D98EB}.Release|Any CPU.ActiveCfg = Release|Any CPU
		{CCB36A7E-FE4E-4E31-A12D-06D4761D98EB}.Release|Any CPU.Build.0 = Release|Any CPU
	EndGlobalSection
	GlobalSection(SolutionProperties) = preSolution
		HideSolutionNode = FALSE
	EndGlobalSection
	GlobalSection(ExtensibilityGlobals) = postSolution
		SolutionGuid = {C4F689CC-D88A-4BD7-99DE-EE754899537B}
	EndGlobalSection
EndGlobal
